
Microsoft Visual Studio Solution File, Format Version 12.00
# Visual Studio 15
VisualStudioVersion = 15.0.27130.2024
MinimumVisualStudioVersion = 10.0.40219.1
Project("{9A19103F-16F7-4668-BE54-9A1E7A4F7556}") = "AsIKnow.DependencyHelpers", "AsIKnow.DependencyHelpers\AsIKnow.DependencyHelpers.csproj", "{EF21F5B6-809A-4278-8F50-53A0B728206E}"
EndProject
Project("{9A19103F-16F7-4668-BE54-9A1E7A4F7556}") = "AsIKnow.DependencyHelpers.EF", "AsIKnow.DependencyHelpers.EF\AsIKnow.DependencyHelpers.EF.csproj", "{21583509-3166-4429-8368-C4936EEA065C}"
EndProject
Project("{9A19103F-16F7-4668-BE54-9A1E7A4F7556}") = "AsIKnow.DependencyHelpers.Redis", "AsIKnow.DependencyHelpers.Redis\AsIKnow.DependencyHelpers.Redis.csproj", "{21935220-F6FD-40D3-83E8-D5DCB6F65887}"
EndProject
Project("{9A19103F-16F7-4668-BE54-9A1E7A4F7556}") = "AsIKnow.DependencyHelpers.Neo4j", "AsIKnow.DependencyHelpers.Neo4j\AsIKnow.DependencyHelpers.Neo4j.csproj", "{3C8FF7DD-4287-4A16-838F-42582E4C6EE6}"
EndProject
Project("{9A19103F-16F7-4668-BE54-9A1E7A4F7556}") = "UnitTest", "..\test\UnitTest\UnitTest.csproj", "{F8072C20-8A76-412B-8891-1893C172356C}"
EndProject
Project("{9A19103F-16F7-4668-BE54-9A1E7A4F7556}") = "AsIKnow.DependencyHelpers.RabbitMq", "AsIKnow.DependencyHelpers.RabbitMq\AsIKnow.DependencyHelpers.RabbitMq.csproj", "{838F6C22-6BF7-4D62-A354-C8E39E21DAE2}"
EndProject
Project("{FAE04EC0-301F-11D3-BF4B-00C04F79EFBC}") = "AsIKnow.DependencyHelpers.Mongodb", "AsIKnow.DependencyHelpers.Mongodb\AsIKnow.DependencyHelpers.Mongodb.csproj", "{21A19876-21B4-40B9-9E23-CEB27707250B}"
EndProject
Global
	GlobalSection(SolutionConfigurationPlatforms) = preSolution
		Debug|Any CPU = Debug|Any CPU
		Release|Any CPU = Release|Any CPU
	EndGlobalSection
	GlobalSection(ProjectConfigurationPlatforms) = postSolution
		{EF21F5B6-809A-4278-8F50-53A0B728206E}.Debug|Any CPU.ActiveCfg = Debug|Any CPU
		{EF21F5B6-809A-4278-8F50-53A0B728206E}.Debug|Any CPU.Build.0 = Debug|Any CPU
		{EF21F5B6-809A-4278-8F50-53A0B728206E}.Release|Any CPU.ActiveCfg = Release|Any CPU
		{EF21F5B6-809A-4278-8F50-53A0B728206E}.Release|Any CPU.Build.0 = Release|Any CPU
		{21583509-3166-4429-8368-C4936EEA065C}.Debug|Any CPU.ActiveCfg = Debug|Any CPU
		{21583509-3166-4429-8368-C4936EEA065C}.Debug|Any CPU.Build.0 = Debug|Any CPU
		{21583509-3166-4429-8368-C4936EEA065C}.Release|Any CPU.ActiveCfg = Release|Any CPU
		{21583509-3166-4429-8368-C4936EEA065C}.Release|Any CPU.Build.0 = Release|Any CPU
		{21935220-F6FD-40D3-83E8-D5DCB6F65887}.Debug|Any CPU.ActiveCfg = Debug|Any CPU
		{21935220-F6FD-40D3-83E8-D5DCB6F65887}.Debug|Any CPU.Build.0 = Debug|Any CPU
		{21935220-F6FD-40D3-83E8-D5DCB6F65887}.Release|Any CPU.ActiveCfg = Release|Any CPU
		{21935220-F6FD-40D3-83E8-D5DCB6F65887}.Release|Any CPU.Build.0 = Release|Any CPU
		{3C8FF7DD-4287-4A16-838F-42582E4C6EE6}.Debug|Any CPU.ActiveCfg = Debug|Any CPU
		{3C8FF7DD-4287-4A16-838F-42582E4C6EE6}.Debug|Any CPU.Build.0 = Debug|Any CPU
		{3C8FF7DD-4287-4A16-838F-42582E4C6EE6}.Release|Any CPU.ActiveCfg = Release|Any CPU
		{3C8FF7DD-4287-4A16-838F-42582E4C6EE6}.Release|Any CPU.Build.0 = Release|Any CPU
		{F8072C20-8A76-412B-8891-1893C172356C}.Debug|Any CPU.ActiveCfg = Debug|Any CPU
		{F8072C20-8A76-412B-8891-1893C172356C}.Debug|Any CPU.Build.0 = Debug|Any CPU
		{F8072C20-8A76-412B-8891-1893C172356C}.Release|Any CPU.ActiveCfg = Release|Any CPU
		{F8072C20-8A76-412B-8891-1893C172356C}.Release|Any CPU.Build.0 = Release|Any CPU
		{838F6C22-6BF7-4D62-A354-C8E39E21DAE2}.Debug|Any CPU.ActiveCfg = Debug|Any CPU
		{838F6C22-6BF7-4D62-A354-C8E39E21DAE2}.Debug|Any CPU.Build.0 = Debug|Any CPU
		{838F6C22-6BF7-4D62-A354-C8E39E21DAE2}.Release|Any CPU.ActiveCfg = Release|Any CPU
		{838F6C22-6BF7-4D62-A354-C8E39E21DAE2}.Release|Any CPU.Build.0 = Release|Any CPU
		{21A19876-21B4-40B9-9E23-CEB27707250B}.Debug|Any CPU.ActiveCfg = Debug|Any CPU
		{21A19876-21B4-40B9-9E23-CEB27707250B}.Debug|Any CPU.Build.0 = Debug|Any CPU
		{21A19876-21B4-40B9-9E23-CEB27707250B}.Release|Any CPU.ActiveCfg = Release|Any CPU
		{21A19876-21B4-40B9-9E23-CEB27707250B}.Release|Any CPU.Build.0 = Release|Any CPU
	EndGlobalSection
	GlobalSection(SolutionProperties) = preSolution
		HideSolutionNode = FALSE
	EndGlobalSection
	GlobalSection(ExtensibilityGlobals) = postSolution
		SolutionGuid = {8081581E-8497-471B-8F71-99A8FD76C53F}
	EndGlobalSection
EndGlobal
